
Microsoft Visual Studio Solution File, Format Version 12.00
# Visual Studio 15
VisualStudioVersion = 15.0.27428.2037
MinimumVisualStudioVersion = 10.0.40219.1
Project("{FAE04EC0-301F-11D3-BF4B-00C04F79EFBC}") = "Week of Code 37", "Contests\Week of Code 37.csproj", "{16DB3B8B-5ED0-466D-8F7E-013C64F6A373}"
EndProject
Project("{FAE04EC0-301F-11D3-BF4B-00C04F79EFBC}") = "World CodeSprint 13", "Contests\World CodeSprint 13.csproj", "{D2DBD847-71FA-418E-BA48-FBDB56779966}"
EndProject
Project("{FAE04EC0-301F-11D3-BF4B-00C04F79EFBC}") = "ProjectEuler+", "Contests\ProjectEuler+.csproj", "{C80D27DD-524D-4FA1-9E5D-154680F6A369}"
EndProject
Project("{FAE04EC0-301F-11D3-BF4B-00C04F79EFBC}") = "HourRank 29", "Contests\HourRank 29\HourRank 29.csproj", "{647A7A8A-297F-4126-8DC1-979678DC8BF6}"
EndProject
Global
	GlobalSection(SolutionConfigurationPlatforms) = preSolution
		Debug|Any CPU = Debug|Any CPU
		Release|Any CPU = Release|Any CPU
	EndGlobalSection
	GlobalSection(ProjectConfigurationPlatforms) = postSolution
		{16DB3B8B-5ED0-466D-8F7E-013C64F6A373}.Debug|Any CPU.ActiveCfg = Debug|Any CPU
		{16DB3B8B-5ED0-466D-8F7E-013C64F6A373}.Debug|Any CPU.Build.0 = Debug|Any CPU
		{16DB3B8B-5ED0-466D-8F7E-013C64F6A373}.Release|Any CPU.ActiveCfg = Release|Any CPU
		{16DB3B8B-5ED0-466D-8F7E-013C64F6A373}.Release|Any CPU.Build.0 = Release|Any CPU
		{D2DBD847-71FA-418E-BA48-FBDB56779966}.Debug|Any CPU.ActiveCfg = Debug|Any CPU
		{D2DBD847-71FA-418E-BA48-FBDB56779966}.Debug|Any CPU.Build.0 = Debug|Any CPU
		{D2DBD847-71FA-418E-BA48-FBDB56779966}.Release|Any CPU.ActiveCfg = Release|Any CPU
		{D2DBD847-71FA-418E-BA48-FBDB56779966}.Release|Any CPU.Build.0 = Release|Any CPU
		{C80D27DD-524D-4FA1-9E5D-154680F6A369}.Debug|Any CPU.ActiveCfg = Debug|Any CPU
		{C80D27DD-524D-4FA1-9E5D-154680F6A369}.Debug|Any CPU.Build.0 = Debug|Any CPU
		{C80D27DD-524D-4FA1-9E5D-154680F6A369}.Release|Any CPU.ActiveCfg = Release|Any CPU
		{C80D27DD-524D-4FA1-9E5D-154680F6A369}.Release|Any CPU.Build.0 = Release|Any CPU
		{647A7A8A-297F-4126-8DC1-979678DC8BF6}.Debug|Any CPU.ActiveCfg = Debug|Any CPU
		{647A7A8A-297F-4126-8DC1-979678DC8BF6}.Debug|Any CPU.Build.0 = Debug|Any CPU
		{647A7A8A-297F-4126-8DC1-979678DC8BF6}.Release|Any CPU.ActiveCfg = Release|Any CPU
		{647A7A8A-297F-4126-8DC1-979678DC8BF6}.Release|Any CPU.Build.0 = Release|Any CPU
	EndGlobalSection
	GlobalSection(SolutionProperties) = preSolution
		HideSolutionNode = FALSE
	EndGlobalSection
	GlobalSection(ExtensibilityGlobals) = postSolution
		SolutionGuid = {97490025-62A4-4650-80C6-F6DB3450A2F4}
	EndGlobalSection
EndGlobal
